
Microsoft Visual Studio Solution File, Format Version 12.00
# Visual Studio Version 17
VisualStudioVersion = 17.5.33516.290
MinimumVisualStudioVersion = 10.0.40219.1
Project("{FAE04EC0-301F-11D3-BF4B-00C04F79EFBC}") = "munchkin", "munchkin\munchkin.csproj", "{2753B70D-0031-4BAC-94C1-D781171DB259}"
EndProject
Global
	GlobalSection(SolutionConfigurationPlatforms) = preSolution
		Debug|Any CPU = Debug|Any CPU
		Release|Any CPU = Release|Any CPU
	EndGlobalSection
	GlobalSection(ProjectConfigurationPlatforms) = postSolution
		{2753B70D-0031-4BAC-94C1-D781171DB259}.Debug|Any CPU.ActiveCfg = Debug|Any CPU
		{2753B70D-0031-4BAC-94C1-D781171DB259}.Debug|Any CPU.Build.0 = Debug|Any CPU
		{2753B70D-0031-4BAC-94C1-D781171DB259}.Release|Any CPU.ActiveCfg = Release|Any CPU
		{2753B70D-0031-4BAC-94C1-D781171DB259}.Release|Any CPU.Build.0 = Release|Any CPU
	EndGlobalSection
	GlobalSection(SolutionProperties) = preSolution
		HideSolutionNode = FALSE
	EndGlobalSection
	GlobalSection(ExtensibilityGlobals) = postSolution
		SolutionGuid = {B5FCD41C-454F-4DA4-9189-A9283E657C38}
	EndGlobalSection
EndGlobal
