
Microsoft Visual Studio Solution File, Format Version 12.00
# Visual Studio Version 17
VisualStudioVersion = 17.3.32825.248
MinimumVisualStudioVersion = 10.0.40219.1
Project("{9A19103F-16F7-4668-BE54-9A1E7A4F7556}") = "Tumakov lab", "ConsoleApp2\Tumakov lab.csproj", "{D99769F9-6CB9-49CD-A80A-EF63BFB79762}"
EndProject
Project("{FAE04EC0-301F-11D3-BF4B-00C04F79EFBC}") = "DZ", "DZ\DZ.csproj", "{9E60AEB5-52D3-412D-8AEE-E9F00B0E6167}"
EndProject
Global
	GlobalSection(SolutionConfigurationPlatforms) = preSolution
		Debug|Any CPU = Debug|Any CPU
		Release|Any CPU = Release|Any CPU
	EndGlobalSection
	GlobalSection(ProjectConfigurationPlatforms) = postSolution
		{D99769F9-6CB9-49CD-A80A-EF63BFB79762}.Debug|Any CPU.ActiveCfg = Debug|Any CPU
		{D99769F9-6CB9-49CD-A80A-EF63BFB79762}.Debug|Any CPU.Build.0 = Debug|Any CPU
		{D99769F9-6CB9-49CD-A80A-EF63BFB79762}.Release|Any CPU.ActiveCfg = Release|Any CPU
		{D99769F9-6CB9-49CD-A80A-EF63BFB79762}.Release|Any CPU.Build.0 = Release|Any CPU
		{9E60AEB5-52D3-412D-8AEE-E9F00B0E6167}.Debug|Any CPU.ActiveCfg = Debug|Any CPU
		{9E60AEB5-52D3-412D-8AEE-E9F00B0E6167}.Debug|Any CPU.Build.0 = Debug|Any CPU
		{9E60AEB5-52D3-412D-8AEE-E9F00B0E6167}.Release|Any CPU.ActiveCfg = Release|Any CPU
		{9E60AEB5-52D3-412D-8AEE-E9F00B0E6167}.Release|Any CPU.Build.0 = Release|Any CPU
	EndGlobalSection
	GlobalSection(SolutionProperties) = preSolution
		HideSolutionNode = FALSE
	EndGlobalSection
	GlobalSection(ExtensibilityGlobals) = postSolution
		SolutionGuid = {C48D388B-6190-476B-A4DB-6767B3E139C1}
	EndGlobalSection
EndGlobal
