
Microsoft Visual Studio Solution File, Format Version 12.00
# Visual Studio Version 17
VisualStudioVersion = 17.3.32825.248
MinimumVisualStudioVersion = 10.0.40219.1
Project("{FAE04EC0-301F-11D3-BF4B-00C04F79EFBC}") = "DZ 24.09", "DZ 24.09\DZ 24.09.csproj", "{304ED3EA-8A51-417D-A8BA-9F201D1AC964}"
EndProject
Global
	GlobalSection(SolutionConfigurationPlatforms) = preSolution
		Debug|Any CPU = Debug|Any CPU
		Release|Any CPU = Release|Any CPU
	EndGlobalSection
	GlobalSection(ProjectConfigurationPlatforms) = postSolution
		{304ED3EA-8A51-417D-A8BA-9F201D1AC964}.Debug|Any CPU.ActiveCfg = Debug|Any CPU
		{304ED3EA-8A51-417D-A8BA-9F201D1AC964}.Debug|Any CPU.Build.0 = Debug|Any CPU
		{304ED3EA-8A51-417D-A8BA-9F201D1AC964}.Release|Any CPU.ActiveCfg = Release|Any CPU
		{304ED3EA-8A51-417D-A8BA-9F201D1AC964}.Release|Any CPU.Build.0 = Release|Any CPU
	EndGlobalSection
	GlobalSection(SolutionProperties) = preSolution
		HideSolutionNode = FALSE
	EndGlobalSection
	GlobalSection(ExtensibilityGlobals) = postSolution
		SolutionGuid = {3EBCCD3C-A61F-4983-89CB-76A9EBCB8E2D}
	EndGlobalSection
EndGlobal
