
Microsoft Visual Studio Solution File, Format Version 12.00
# Visual Studio Version 17
VisualStudioVersion = 17.3.32825.248
MinimumVisualStudioVersion = 10.0.40219.1
Project("{FAE04EC0-301F-11D3-BF4B-00C04F79EFBC}") = "tumakov lab2", "tumakov lab2\tumakov lab2.csproj", "{7D88D73B-2886-492B-AEFE-6E0DC6872C52}"
EndProject
Global
	GlobalSection(SolutionConfigurationPlatforms) = preSolution
		Debug|Any CPU = Debug|Any CPU
		Release|Any CPU = Release|Any CPU
	EndGlobalSection
	GlobalSection(ProjectConfigurationPlatforms) = postSolution
		{7D88D73B-2886-492B-AEFE-6E0DC6872C52}.Debug|Any CPU.ActiveCfg = Debug|Any CPU
		{7D88D73B-2886-492B-AEFE-6E0DC6872C52}.Debug|Any CPU.Build.0 = Debug|Any CPU
		{7D88D73B-2886-492B-AEFE-6E0DC6872C52}.Release|Any CPU.ActiveCfg = Release|Any CPU
		{7D88D73B-2886-492B-AEFE-6E0DC6872C52}.Release|Any CPU.Build.0 = Release|Any CPU
	EndGlobalSection
	GlobalSection(SolutionProperties) = preSolution
		HideSolutionNode = FALSE
	EndGlobalSection
	GlobalSection(ExtensibilityGlobals) = postSolution
		SolutionGuid = {0A88019B-C3FD-4E3C-8254-ACCF3EFF19D8}
	EndGlobalSection
EndGlobal
